
Microsoft Visual Studio Solution File, Format Version 12.00
# Visual Studio Version 17
VisualStudioVersion = 17.4.33213.308
MinimumVisualStudioVersion = 10.0.40219.1
Project("{FAE04EC0-301F-11D3-BF4B-00C04F79EFBC}") = "ASPNETCoreDemo", "ASPNETCoreDemo\ASPNETCoreDemo.csproj", "{D9289322-C483-480A-85BA-92471604429E}"
EndProject
Global
	GlobalSection(SolutionConfigurationPlatforms) = preSolution
		Debug|Any CPU = Debug|Any CPU
		Release|Any CPU = Release|Any CPU
	EndGlobalSection
	GlobalSection(ProjectConfigurationPlatforms) = postSolution
		{D9289322-C483-480A-85BA-92471604429E}.Debug|Any CPU.ActiveCfg = Debug|Any CPU
		{D9289322-C483-480A-85BA-92471604429E}.Debug|Any CPU.Build.0 = Debug|Any CPU
		{D9289322-C483-480A-85BA-92471604429E}.Release|Any CPU.ActiveCfg = Release|Any CPU
		{D9289322-C483-480A-85BA-92471604429E}.Release|Any CPU.Build.0 = Release|Any CPU
	EndGlobalSection
	GlobalSection(SolutionProperties) = preSolution
		HideSolutionNode = FALSE
	EndGlobalSection
	GlobalSection(ExtensibilityGlobals) = postSolution
		SolutionGuid = {BAA12CBB-330B-4729-BA65-C54FE3052912}
	EndGlobalSection
EndGlobal
